PODS:
  - Expecta (1.0.6)
  - Nimble (8.0.1)
  - OCMock (3.4.3)
  - Quick (2.1.0)
  - Specta (1.0.7)
  - ZSWTaggedString (4.1):
    - ZSWTaggedString/Core (= 4.1)
  - ZSWTaggedString/Core (4.1)
  - ZSWTaggedString/Swift (4.1):
    - ZSWTaggedString/Core

DEPENDENCIES:
  - Expecta
  - Nimble
  - OCMock
  - Quick
  - Specta
  - ZSWTaggedString (from `../`)
  - ZSWTaggedString/Swift (from `../`)

SPEC REPOS:
  https://github.com/cocoapods/specs.git:
    - Expecta
    - Nimble
    - OCMock
    - Quick
    - Specta

EXTERNAL SOURCES:
  ZSWTaggedString:
    :path: "../"

SPEC CHECKSUMS:
  Expecta: 3b6bd90a64b9a1dcb0b70aa0e10a7f8f631667d5
  Nimble: 45f786ae66faa9a709624227fae502db55a8bdd0
  OCMock: 43565190abc78977ad44a61c0d20d7f0784d35ab
  Quick: 4be43f6634acfa727dd106bdf3929ce125ffa79d
  Specta: 3e1bd89c3517421982dc4d1c992503e48bd5fe66
  ZSWTaggedString: c29edd1ccf2ae30a356d56382cfec6cf06bbd70f

PODFILE CHECKSUM: 3e8e33953f0073437731a654c10dcc1880b9439e

COCOAPODS: 1.6.1
