PODS:
  - Expecta (0.3.2)
  - OCMock (3.1.2)
  - Specta (0.3.2)
  - ZSWTaggedString (0.1.0)

DEPENDENCIES:
  - Expecta
  - OCMock
  - Specta
  - ZSWTaggedString (from `../`)

EXTERNAL SOURCES:
  ZSWTaggedString:
    :path: ../

SPEC CHECKSUMS:
  Expecta: ee641011fe10aa1855d487b40e4976dac50ec342
  OCMock: ecdd510b73ef397f2f97274785c1e87fd147c49f
  Specta: 698a58ffa5ec948327d3b92eab50ca58d7f4fbe8
  ZSWTaggedString: a07613f15c28fb7d1b7b8e4556a8b71f5b4b9ad4

COCOAPODS: 0.35.0
