// !$*UTF8*$!
{
	archiveVersion = 1;
	classes = {
	};
	objectVersion = 46;
	objects = {

/* Begin PBXBuildFile section */
		1120E23B1A990D870017FA50 /* ZSWMatchers+haveAttribute.m in Sources */ = {isa = PBXBuildFile; fileRef = 1120E23A1A990D870017FA50 /* ZSWMatchers+haveAttribute.m */; };
		1120E2411A990F190017FA50 /* ZSWTaggedStringSpec.m in Sources */ = {isa = PBXBuildFile; fileRef = 1120E2401A990F190017FA50 /* ZSWTaggedStringSpec.m */; };
		1164EAED1A991B980004DD7C /* ZSWStringParserTagSpec.m in Sources */ = {isa = PBXBuildFile; fileRef = 1164EAEC1A991B980004DD7C /* ZSWStringParserTagSpec.m */; };
		1164EAEF1A9A68A30004DD7C /* ZSWTaggedStringOptionsSpec.m in Sources */ = {isa = PBXBuildFile; fileRef = 1164EAEE1A9A68A30004DD7C /* ZSWTaggedStringOptionsSpec.m */; };
		1164EAF11A9A7FA30004DD7C /* ZSWStringParserSpec.m in Sources */ = {isa = PBXBuildFile; fileRef = 1164EAF01A9A7FA30004DD7C /* ZSWStringParserSpec.m */; };
		1164EAF31A9A811C0004DD7C /* READMEExamples.m in Sources */ = {isa = PBXBuildFile; fileRef = 1164EAF21A9A811C0004DD7C /* READMEExamples.m */; };
		1169EDB61C15174D0039CBBC /* ZSWTaggedStringSpec.swift in Sources */ = {isa = PBXBuildFile; fileRef = 1169EDB51C15174D0039CBBC /* ZSWTaggedStringSpec.swift */; };
		11BF87761A9A9F870067E208 /* OCMArg+ZSWCapture.m in Sources */ = {isa = PBXBuildFile; fileRef = 11BF87751A9A9F870067E208 /* OCMArg+ZSWCapture.m */; };
		11FF5D7B1C1CD13600E4A925 /* ZSWTaggedStringOptionsSpec.swift in Sources */ = {isa = PBXBuildFile; fileRef = 11FF5D7A1C1CD13600E4A925 /* ZSWTaggedStringOptionsSpec.swift */; };
		11FF5D7D1C1CDFA600E4A925 /* READMEExamples.swift in Sources */ = {isa = PBXBuildFile; fileRef = 11FF5D7C1C1CDFA600E4A925 /* READMEExamples.swift */; };
		6003F5B0195388D20070C39A /* XCTest.framework in Frameworks */ = {isa = PBXBuildFile; fileRef = 6003F5AF195388D20070C39A /* XCTest.framework */; };
		6003F5B1195388D20070C39A /* Foundation.framework in Frameworks */ = {isa = PBXBuildFile; fileRef = 6003F58D195388D20070C39A /* Foundation.framework */; };
		6003F5B2195388D20070C39A /* UIKit.framework in Frameworks */ = {isa = PBXBuildFile; fileRef = 6003F591195388D20070C39A /* UIKit.framework */; };
		D62B3C7BC893F9F731E92AAC /* Pods_ZSWTaggedString.framework in Frameworks */ = {isa = PBXBuildFile; fileRef = D4890118CD23254B34C964D2 /* Pods_ZSWTaggedString.framework */; };
/* End PBXBuildFile section */

/* Begin PBXFileReference section */
		1120E2391A990D870017FA50 /* ZSWMatchers+haveAttribute.h */ = {isa = PBXFileReference; fileEncoding = 4; lastKnownFileType = sourcecode.c.h; path = "ZSWMatchers+haveAttribute.h"; sourceTree = "<group>"; };
		1120E23A1A990D870017FA50 /* ZSWMatchers+haveAttribute.m */ = {isa = PBXFileReference; fileEncoding = 4; lastKnownFileType = sourcecode.c.objc; path = "ZSWMatchers+haveAttribute.m"; sourceTree = "<group>"; };
		1120E2401A990F190017FA50 /* ZSWTaggedStringSpec.m */ = {isa = PBXFileReference; fileEncoding = 4; lastKnownFileType = sourcecode.c.objc; path = ZSWTaggedStringSpec.m; sourceTree = "<group>"; };
		1164EAEC1A991B980004DD7C /* ZSWStringParserTagSpec.m */ = {isa = PBXFileReference; fileEncoding = 4; lastKnownFileType = sourcecode.c.objc; path = ZSWStringParserTagSpec.m; sourceTree = "<group>"; };
		1164EAEE1A9A68A30004DD7C /* ZSWTaggedStringOptionsSpec.m */ = {isa = PBXFileReference; fileEncoding = 4; lastKnownFileType = sourcecode.c.objc; path = ZSWTaggedStringOptionsSpec.m; sourceTree = "<group>"; };
		1164EAF01A9A7FA30004DD7C /* ZSWStringParserSpec.m */ = {isa = PBXFileReference; fileEncoding = 4; lastKnownFileType = sourcecode.c.objc; path = ZSWStringParserSpec.m; sourceTree = "<group>"; };
		1164EAF21A9A811C0004DD7C /* READMEExamples.m */ = {isa = PBXFileReference; fileEncoding = 4; lastKnownFileType = sourcecode.c.objc; path = READMEExamples.m; sourceTree = "<group>"; };
		1169EDB51C15174D0039CBBC /* ZSWTaggedStringSpec.swift */ = {isa = PBXFileReference; fileEncoding = 4; lastKnownFileType = sourcecode.swift; path = ZSWTaggedStringSpec.swift; sourceTree = "<group>"; };
		11BF87741A9A9F870067E208 /* OCMArg+ZSWCapture.h */ = {isa = PBXFileReference; fileEncoding = 4; lastKnownFileType = sourcecode.c.h; path = "OCMArg+ZSWCapture.h"; sourceTree = "<group>"; };
		11BF87751A9A9F870067E208 /* OCMArg+ZSWCapture.m */ = {isa = PBXFileReference; fileEncoding = 4; lastKnownFileType = sourcecode.c.objc; path = "OCMArg+ZSWCapture.m"; sourceTree = "<group>"; };
		11D5C7231C1288710009C165 /* ZSWTaggedString-Bridging-Header.h */ = {isa = PBXFileReference; lastKnownFileType = sourcecode.c.h; path = "ZSWTaggedString-Bridging-Header.h"; sourceTree = "<group>"; };
		11FF5D7A1C1CD13600E4A925 /* ZSWTaggedStringOptionsSpec.swift */ = {isa = PBXFileReference; fileEncoding = 4; lastKnownFileType = sourcecode.swift; path = ZSWTaggedStringOptionsSpec.swift; sourceTree = "<group>"; };
		11FF5D7C1C1CDFA600E4A925 /* READMEExamples.swift */ = {isa = PBXFileReference; fileEncoding = 4; lastKnownFileType = sourcecode.swift; path = READMEExamples.swift; sourceTree = "<group>"; };
		169CB1142241880AD93BAD23 /* Pods-ZSWTaggedString.release.xcconfig */ = {isa = PBXFileReference; includeInIndex = 1; lastKnownFileType = text.xcconfig; name = "Pods-ZSWTaggedString.release.xcconfig"; path = "Pods/Target Support Files/Pods-ZSWTaggedString/Pods-ZSWTaggedString.release.xcconfig"; sourceTree = "<group>"; };
		6003F58A195388D20070C39A /* ZSWTaggedString.app */ = {isa = PBXFileReference; explicitFileType = wrapper.application; includeInIndex = 0; path = ZSWTaggedString.app; sourceTree = BUILT_PRODUCTS_DIR; };
		6003F58D195388D20070C39A /* Foundation.framework */ = {isa = PBXFileReference; lastKnownFileType = wrapper.framework; name = Foundation.framework; path = System/Library/Frameworks/Foundation.framework; sourceTree = SDKROOT; };
		6003F58F195388D20070C39A /* CoreGraphics.framework */ = {isa = PBXFileReference; lastKnownFileType = wrapper.framework; name = CoreGraphics.framework; path = System/Library/Frameworks/CoreGraphics.framework; sourceTree = SDKROOT; };
		6003F591195388D20070C39A /* UIKit.framework */ = {isa = PBXFileReference; lastKnownFileType = wrapper.framework; name = UIKit.framework; path = System/Library/Frameworks/UIKit.framework; sourceTree = SDKROOT; };
		6003F5AE195388D20070C39A /* ZSWTaggedString.xctest */ = {isa = PBXFileReference; explicitFileType = wrapper.cfbundle; includeInIndex = 0; path = ZSWTaggedString.xctest; sourceTree = BUILT_PRODUCTS_DIR; };
		6003F5AF195388D20070C39A /* XCTest.framework */ = {isa = PBXFileReference; lastKnownFileType = wrapper.framework; name = XCTest.framework; path = Library/Frameworks/XCTest.framework; sourceTree = DEVELOPER_DIR; };
		6003F5B7195388D20070C39A /* Tests-Info.plist */ = {isa = PBXFileReference; lastKnownFileType = text.plist.xml; path = "Tests-Info.plist"; sourceTree = "<group>"; };
		606FC2411953D9B200FFA9A0 /* Tests-Prefix.pch */ = {isa = PBXFileReference; lastKnownFileType = sourcecode.c.h; path = "Tests-Prefix.pch"; sourceTree = "<group>"; };
		D0D425EF9F44A4E4AB461CF7 /* README.md */ = {isa = PBXFileReference; includeInIndex = 1; lastKnownFileType = net.daringfireball.markdown; name = README.md; path = ../README.md; sourceTree = "<group>"; };
		D4890118CD23254B34C964D2 /* Pods_ZSWTaggedString.framework */ = {isa = PBXFileReference; explicitFileType = wrapper.framework; includeInIndex = 0; path = Pods_ZSWTaggedString.framework; sourceTree = BUILT_PRODUCTS_DIR; };
		D794A320A421062741A18E73 /* Pods-ZSWTaggedString.debug.xcconfig */ = {isa = PBXFileReference; includeInIndex = 1; lastKnownFileType = text.xcconfig; name = "Pods-ZSWTaggedString.debug.xcconfig"; path = "Pods/Target Support Files/Pods-ZSWTaggedString/Pods-ZSWTaggedString.debug.xcconfig"; sourceTree = "<group>"; };
		D9ED01DA6597908E843A850E /* ZSWTaggedString.podspec */ = {isa = PBXFileReference; includeInIndex = 1; lastKnownFileType = text; name = ZSWTaggedString.podspec; path = ../ZSWTaggedString.podspec; sourceTree = "<group>"; };
		F8F68D9D995B94E741197365 /* LICENSE */ = {isa = PBXFileReference; includeInIndex = 1; lastKnownFileType = text; name = LICENSE; path = ../LICENSE; sourceTree = "<group>"; };
/* End PBXFileReference section */

/* Begin PBXFrameworksBuildPhase section */
		6003F5AB195388D20070C39A /* Frameworks */ = {
			isa = PBXFrameworksBuildPhase;
			buildActionMask = 2147483647;
			files = (
				6003F5B0195388D20070C39A /* XCTest.framework in Frameworks */,
				6003F5B2195388D20070C39A /* UIKit.framework in Frameworks */,
				6003F5B1195388D20070C39A /* Foundation.framework in Frameworks */,
				D62B3C7BC893F9F731E92AAC /* Pods_ZSWTaggedString.framework in Frameworks */,
			);
			runOnlyForDeploymentPostprocessing = 0;
		};
/* End PBXFrameworksBuildPhase section */

/* Begin PBXGroup section */
		1120E23E1A990EEF0017FA50 /* Matchers */ = {
			isa = PBXGroup;
			children = (
				1120E2391A990D870017FA50 /* ZSWMatchers+haveAttribute.h */,
				1120E23A1A990D870017FA50 /* ZSWMatchers+haveAttribute.m */,
				11BF87741A9A9F870067E208 /* OCMArg+ZSWCapture.h */,
				11BF87751A9A9F870067E208 /* OCMArg+ZSWCapture.m */,
			);
			path = Matchers;
			sourceTree = "<group>";
		};
		1120E23F1A990F190017FA50 /* Tests */ = {
			isa = PBXGroup;
			children = (
				11D5C7231C1288710009C165 /* ZSWTaggedString-Bridging-Header.h */,
				1120E2401A990F190017FA50 /* ZSWTaggedStringSpec.m */,
				1169EDB51C15174D0039CBBC /* ZSWTaggedStringSpec.swift */,
				1164EAEC1A991B980004DD7C /* ZSWStringParserTagSpec.m */,
				1164EAEE1A9A68A30004DD7C /* ZSWTaggedStringOptionsSpec.m */,
				11FF5D7A1C1CD13600E4A925 /* ZSWTaggedStringOptionsSpec.swift */,
				1164EAF01A9A7FA30004DD7C /* ZSWStringParserSpec.m */,
				1164EAF21A9A811C0004DD7C /* READMEExamples.m */,
				11FF5D7C1C1CDFA600E4A925 /* READMEExamples.swift */,
			);
			path = Tests;
			sourceTree = "<group>";
		};
		13FDB3208D3EAB318CEC62C9 /* Pods */ = {
			isa = PBXGroup;
			children = (
				D794A320A421062741A18E73 /* Pods-ZSWTaggedString.debug.xcconfig */,
				169CB1142241880AD93BAD23 /* Pods-ZSWTaggedString.release.xcconfig */,
			);
			name = Pods;
			sourceTree = "<group>";
		};
		6003F581195388D10070C39A = {
			isa = PBXGroup;
			children = (
				60FF7A9C1954A5C5007DD14C /* Podspec Metadata */,
				6003F5B5195388D20070C39A /* Tests */,
				6003F58C195388D20070C39A /* Frameworks */,
				6003F58B195388D20070C39A /* Products */,
				13FDB3208D3EAB318CEC62C9 /* Pods */,
			);
			sourceTree = "<group>";
		};
		6003F58B195388D20070C39A /* Products */ = {
			isa = PBXGroup;
			children = (
				6003F58A195388D20070C39A /* ZSWTaggedString.app */,
				6003F5AE195388D20070C39A /* ZSWTaggedString.xctest */,
			);
			name = Products;
			sourceTree = "<group>";
		};
		6003F58C195388D20070C39A /* Frameworks */ = {
			isa = PBXGroup;
			children = (
				6003F58D195388D20070C39A /* Foundation.framework */,
				6003F58F195388D20070C39A /* CoreGraphics.framework */,
				6003F591195388D20070C39A /* UIKit.framework */,
				6003F5AF195388D20070C39A /* XCTest.framework */,
				D4890118CD23254B34C964D2 /* Pods_ZSWTaggedString.framework */,
			);
			name = Frameworks;
			sourceTree = "<group>";
		};
		6003F5B5195388D20070C39A /* Tests */ = {
			isa = PBXGroup;
			children = (
				1120E23E1A990EEF0017FA50 /* Matchers */,
				1120E23F1A990F190017FA50 /* Tests */,
				6003F5B6195388D20070C39A /* Supporting Files */,
			);
			path = Tests;
			sourceTree = "<group>";
		};
		6003F5B6195388D20070C39A /* Supporting Files */ = {
			isa = PBXGroup;
			children = (
				6003F5B7195388D20070C39A /* Tests-Info.plist */,
				606FC2411953D9B200FFA9A0 /* Tests-Prefix.pch */,
			);
			path = "Supporting Files";
			sourceTree = "<group>";
		};
		60FF7A9C1954A5C5007DD14C /* Podspec Metadata */ = {
			isa = PBXGroup;
			children = (
				D9ED01DA6597908E843A850E /* ZSWTaggedString.podspec */,
				D0D425EF9F44A4E4AB461CF7 /* README.md */,
				F8F68D9D995B94E741197365 /* LICENSE */,
			);
			name = "Podspec Metadata";
			sourceTree = "<group>";
		};
/* End PBXGroup section */

/* Begin PBXNativeTarget section */
		6003F5AD195388D20070C39A /* ZSWTaggedString */ = {
			isa = PBXNativeTarget;
			buildConfigurationList = 6003F5C2195388D20070C39A /* Build configuration list for PBXNativeTarget "ZSWTaggedString" */;
			buildPhases = (
				B1B56939D8A883C64FFF19F5 /* [CP] Check Pods Manifest.lock */,
				6003F5AA195388D20070C39A /* Sources */,
				6003F5AB195388D20070C39A /* Frameworks */,
				6003F5AC195388D20070C39A /* Resources */,
				39A69D9A61EE9065148A3FBE /* [CP] Embed Pods Frameworks */,
				D6D3F4FEC17DAC87795D70F5 /* [CP] Copy Pods Resources */,
			);
			buildRules = (
			);
			dependencies = (
			);
			name = ZSWTaggedString;
			productName = ZSWTaggedStringTests;
			productReference = 6003F5AE195388D20070C39A /* ZSWTaggedString.xctest */;
			productType = "com.apple.product-type.bundle.unit-test";
		};
/* End PBXNativeTarget section */

/* Begin PBXProject section */
		6003F582195388D10070C39A /* Project object */ = {
			isa = PBXProject;
			attributes = {
				CLASSPREFIX = ZSW;
				LastSwiftUpdateCheck = 0710;
				LastUpgradeCheck = 0720;
				ORGANIZATIONNAME = "Zachary West";
				TargetAttributes = {
					6003F5AD195388D20070C39A = {
						LastSwiftMigration = 0820;
						TestTargetID = 6003F589195388D20070C39A;
					};
				};
			};
			buildConfigurationList = 6003F585195388D10070C39A /* Build configuration list for PBXProject "ZSWTaggedString" */;
			compatibilityVersion = "Xcode 3.2";
			developmentRegion = English;
			hasScannedForEncodings = 0;
			knownRegions = (
				en,
				Base,
			);
			mainGroup = 6003F581195388D10070C39A;
			productRefGroup = 6003F58B195388D20070C39A /* Products */;
			projectDirPath = "";
			projectRoot = "";
			targets = (
				6003F5AD195388D20070C39A /* ZSWTaggedString */,
			);
		};
/* End PBXProject section */

/* Begin PBXResourcesBuildPhase section */
		6003F5AC195388D20070C39A /* Resources */ = {
			isa = PBXResourcesBuildPhase;
			buildActionMask = 2147483647;
			files = (
			);
			runOnlyForDeploymentPostprocessing = 0;
		};
/* End PBXResourcesBuildPhase section */

/* Begin PBXShellScriptBuildPhase section */
		39A69D9A61EE9065148A3FBE /* [CP] Embed Pods Frameworks */ = {
			isa = PBXShellScriptBuildPhase;
			buildActionMask = 2147483647;
			files = (
			);
			inputPaths = (
			);
			name = "[CP] Embed Pods Frameworks";
			outputPaths = (
			);
			runOnlyForDeploymentPostprocessing = 0;
			shellPath = /bin/sh;
			shellScript = "\"${SRCROOT}/Pods/Target Support Files/Pods-ZSWTaggedString/Pods-ZSWTaggedString-frameworks.sh\"\n";
			showEnvVarsInLog = 0;
		};
		B1B56939D8A883C64FFF19F5 /* [CP] Check Pods Manifest.lock */ = {
			isa = PBXShellScriptBuildPhase;
			buildActionMask = 2147483647;
			files = (
			);
			inputPaths = (
			);
			name = "[CP] Check Pods Manifest.lock";
			outputPaths = (
			);
			runOnlyForDeploymentPostprocessing = 0;
			shellPath = /bin/sh;
			shellScript = "diff \"${PODS_ROOT}/../Podfile.lock\" \"${PODS_ROOT}/Manifest.lock\" > /dev/null\nif [ $? != 0 ] ; then\n    # print error to STDERR\n    echo \"error: The sandbox is not in sync with the Podfile.lock. Run 'pod install' or update your CocoaPods installation.\" >&2\n    exit 1\nfi\n";
			showEnvVarsInLog = 0;
		};
		D6D3F4FEC17DAC87795D70F5 /* [CP] Copy Pods Resources */ = {
			isa = PBXShellScriptBuildPhase;
			buildActionMask = 2147483647;
			files = (
			);
			inputPaths = (
			);
			name = "[CP] Copy Pods Resources";
			outputPaths = (
			);
			runOnlyForDeploymentPostprocessing = 0;
			shellPath = /bin/sh;
			shellScript = "\"${SRCROOT}/Pods/Target Support Files/Pods-ZSWTaggedString/Pods-ZSWTaggedString-resources.sh\"\n";
			showEnvVarsInLog = 0;
		};
/* End PBXShellScriptBuildPhase section */

/* Begin PBXSourcesBuildPhase section */
		6003F5AA195388D20070C39A /* Sources */ = {
			isa = PBXSourcesBuildPhase;
			buildActionMask = 2147483647;
			files = (
				1164EAEF1A9A68A30004DD7C /* ZSWTaggedStringOptionsSpec.m in Sources */,
				1120E23B1A990D870017FA50 /* ZSWMatchers+haveAttribute.m in Sources */,
				1164EAF31A9A811C0004DD7C /* READMEExamples.m in Sources */,
				11FF5D7B1C1CD13600E4A925 /* ZSWTaggedStringOptionsSpec.swift in Sources */,
				11FF5D7D1C1CDFA600E4A925 /* READMEExamples.swift in Sources */,
				1169EDB61C15174D0039CBBC /* ZSWTaggedStringSpec.swift in Sources */,
				1164EAF11A9A7FA30004DD7C /* ZSWStringParserSpec.m in Sources */,
				11BF87761A9A9F870067E208 /* OCMArg+ZSWCapture.m in Sources */,
				1120E2411A990F190017FA50 /* ZSWTaggedStringSpec.m in Sources */,
				1164EAED1A991B980004DD7C /* ZSWStringParserTagSpec.m in Sources */,
			);
			runOnlyForDeploymentPostprocessing = 0;
		};
/* End PBXSourcesBuildPhase section */

/* Begin XCBuildConfiguration section */
		6003F5BD195388D20070C39A /* Debug */ = {
			isa = XCBuildConfiguration;
			buildSettings = {
				ALWAYS_SEARCH_USER_PATHS = NO;
				CLANG_CXX_LANGUAGE_STANDARD = "gnu++0x";
				CLANG_CXX_LIBRARY = "libc++";
				CLANG_ENABLE_MODULES = YES;
				CLANG_ENABLE_OBJC_ARC = YES;
				CLANG_WARN_BOOL_CONVERSION = YES;
				CLANG_WARN_CONSTANT_CONVERSION = YES;
				CLANG_WARN_DIRECT_OBJC_ISA_USAGE = YES_ERROR;
				CLANG_WARN_EMPTY_BODY = YES;
				CLANG_WARN_ENUM_CONVERSION = YES;
				CLANG_WARN_INT_CONVERSION = YES;
				CLANG_WARN_OBJC_ROOT_CLASS = YES_ERROR;
				CLANG_WARN__DUPLICATE_METHOD_MATCH = YES;
				"CODE_SIGN_IDENTITY[sdk=iphoneos*]" = "iPhone Developer";
				COPY_PHASE_STRIP = NO;
				ENABLE_TESTABILITY = YES;
				GCC_C_LANGUAGE_STANDARD = gnu99;
				GCC_DYNAMIC_NO_PIC = NO;
				GCC_OPTIMIZATION_LEVEL = 0;
				GCC_PREPROCESSOR_DEFINITIONS = (
					"DEBUG=1",
					"$(inherited)",
				);
				GCC_SYMBOLS_PRIVATE_EXTERN = NO;
				GCC_WARN_64_TO_32_BIT_CONVERSION = YES;
				GCC_WARN_ABOUT_RETURN_TYPE = YES_ERROR;
				GCC_WARN_UNDECLARED_SELECTOR = YES;
				GCC_WARN_UNINITIALIZED_AUTOS = YES_AGGRESSIVE;
				GCC_WARN_UNUSED_FUNCTION = YES;
				GCC_WARN_UNUSED_VARIABLE = YES;
				IPHONEOS_DEPLOYMENT_TARGET = 8.0;
				ONLY_ACTIVE_ARCH = YES;
				SDKROOT = iphoneos;
				TARGETED_DEVICE_FAMILY = "1,2";
			};
			name = Debug;
		};
		6003F5BE195388D20070C39A /* Release */ = {
			isa = XCBuildConfiguration;
			buildSettings = {
				ALWAYS_SEARCH_USER_PATHS = NO;
				CLANG_CXX_LANGUAGE_STANDARD = "gnu++0x";
				CLANG_CXX_LIBRARY = "libc++";
				CLANG_ENABLE_MODULES = YES;
				CLANG_ENABLE_OBJC_ARC = YES;
				CLANG_WARN_BOOL_CONVERSION = YES;
				CLANG_WARN_CONSTANT_CONVERSION = YES;
				CLANG_WARN_DIRECT_OBJC_ISA_USAGE = YES_ERROR;
				CLANG_WARN_EMPTY_BODY = YES;
				CLANG_WARN_ENUM_CONVERSION = YES;
				CLANG_WARN_INT_CONVERSION = YES;
				CLANG_WARN_OBJC_ROOT_CLASS = YES_ERROR;
				CLANG_WARN__DUPLICATE_METHOD_MATCH = YES;
				"CODE_SIGN_IDENTITY[sdk=iphoneos*]" = "iPhone Developer";
				COPY_PHASE_STRIP = YES;
				ENABLE_NS_ASSERTIONS = NO;
				GCC_C_LANGUAGE_STANDARD = gnu99;
				GCC_WARN_64_TO_32_BIT_CONVERSION = YES;
				GCC_WARN_ABOUT_RETURN_TYPE = YES_ERROR;
				GCC_WARN_UNDECLARED_SELECTOR = YES;
				GCC_WARN_UNINITIALIZED_AUTOS = YES_AGGRESSIVE;
				GCC_WARN_UNUSED_FUNCTION = YES;
				GCC_WARN_UNUSED_VARIABLE = YES;
				IPHONEOS_DEPLOYMENT_TARGET = 8.0;
				SDKROOT = iphoneos;
				TARGETED_DEVICE_FAMILY = "1,2";
				VALIDATE_PRODUCT = YES;
			};
			name = Release;
		};
		6003F5C3195388D20070C39A /* Debug */ = {
			isa = XCBuildConfiguration;
			baseConfigurationReference = D794A320A421062741A18E73 /* Pods-ZSWTaggedString.debug.xcconfig */;
			buildSettings = {
				CLANG_ENABLE_MODULES = YES;
				GCC_PRECOMPILE_PREFIX_HEADER = YES;
				GCC_PREFIX_HEADER = "Tests/Supporting Files/Tests-Prefix.pch";
				GCC_PREPROCESSOR_DEFINITIONS = (
					"DEBUG=1",
					"$(inherited)",
				);
				HEADER_SEARCH_PATHS = (
					"\"$(PODS_ROOT)/Headers/Private/ZSWTaggedString\"",
					"$(inherited)",
				);
				INFOPLIST_FILE = "Tests/Supporting Files/Tests-Info.plist";
				LD_RUNPATH_SEARCH_PATHS = "$(inherited) @executable_path/Frameworks @loader_path/Frameworks";
				PRODUCT_MODULE_NAME = "$(PRODUCT_NAME:c99extidentifier)Test";
				PRODUCT_NAME = "$(TARGET_NAME)";
				SWIFT_OBJC_BRIDGING_HEADER = "Tests/Tests/ZSWTaggedString-Bridging-Header.h";
				SWIFT_OPTIMIZATION_LEVEL = "-Onone";
				SWIFT_VERSION = 3.0;
				TEST_HOST = "$(BUNDLE_LOADER)";
				WRAPPER_EXTENSION = xctest;
			};
			name = Debug;
		};
		6003F5C4195388D20070C39A /* Release */ = {
			isa = XCBuildConfiguration;
			baseConfigurationReference = 169CB1142241880AD93BAD23 /* Pods-ZSWTaggedString.release.xcconfig */;
			buildSettings = {
				CLANG_ENABLE_MODULES = YES;
				GCC_PRECOMPILE_PREFIX_HEADER = YES;
				GCC_PREFIX_HEADER = "Tests/Supporting Files/Tests-Prefix.pch";
				HEADER_SEARCH_PATHS = (
					"\"$(PODS_ROOT)/Headers/Private/ZSWTaggedString\"",
					"$(inherited)",
				);
				INFOPLIST_FILE = "Tests/Supporting Files/Tests-Info.plist";
				LD_RUNPATH_SEARCH_PATHS = "$(inherited) @executable_path/Frameworks @loader_path/Frameworks";
				PRODUCT_MODULE_NAME = "$(PRODUCT_NAME:c99extidentifier)Test";
				PRODUCT_NAME = "$(TARGET_NAME)";
				SWIFT_OBJC_BRIDGING_HEADER = "Tests/Tests/ZSWTaggedString-Bridging-Header.h";
				SWIFT_VERSION = 3.0;
				TEST_HOST = "$(BUNDLE_LOADER)";
				WRAPPER_EXTENSION = xctest;
			};
			name = Release;
		};
/* End XCBuildConfiguration section */

/* Begin XCConfigurationList section */
		6003F585195388D10070C39A /* Build configuration list for PBXProject "ZSWTaggedString" */ = {
			isa = XCConfigurationList;
			buildConfigurations = (
				6003F5BD195388D20070C39A /* Debug */,
				6003F5BE195388D20070C39A /* Release */,
			);
			defaultConfigurationIsVisible = 0;
			defaultConfigurationName = Release;
		};
		6003F5C2195388D20070C39A /* Build configuration list for PBXNativeTarget "ZSWTaggedString" */ = {
			isa = XCConfigurationList;
			buildConfigurations = (
				6003F5C3195388D20070C39A /* Debug */,
				6003F5C4195388D20070C39A /* Release */,
			);
			defaultConfigurationIsVisible = 0;
			defaultConfigurationName = Release;
		};
/* End XCConfigurationList section */
	};
	rootObject = 6003F582195388D10070C39A /* Project object */;
}
